{
  "object": {
    "pins": [
      {
        "package": "Syft",
        "repositoryURL": "https://github.com/dcutting/Syft.git",
        "state": {
          "branch": "develop",
          "revision": "9a1cde045ac996fa4ffa1dff80a4eee156d49087",
          "version": null
        }
      }
    ]
  },
  "version": 1
}
