{
  "object": {
    "pins": [
      {
        "package": "Syft",
        "repositoryURL": "/Users/dcutting/Dropbox/Dan/Code/Syft",
        "state": {
          "branch": "develop",
          "revision": "9d2b3ac07793cc7fb610bc487b1a2fd6c8601a8c",
          "version": null
        }
      }
    ]
  },
  "version": 1
}
