{
  "object": {
    "pins": [
      {
        "package": "Syft",
        "repositoryURL": "/Users/dcutting/Dropbox/Dan/Code/Syft",
        "state": {
          "branch": "develop",
          "revision": "a7394eae8bff036ff28881f091c093991a371c32",
          "version": null
        }
      }
    ]
  },
  "version": 1
}
